// !$*UTF8*$!
{
	archiveVersion = 1;
	classes = {
	};
	objectVersion = 56;
	objects = {

/* Begin PBXBuildFile section */
		3D4B834F2A96575500F51F09 /* TodoItem.swift in Sources */ = {isa = PBXBuildFile; fileRef = 3D4B834E2A96575500F51F09 /* TodoItem.swift */; };
		3D4B83512A96576100F51F09 /* Category.swift in Sources */ = {isa = PBXBuildFile; fileRef = 3D4B83502A96576100F51F09 /* Category.swift */; };
		3D5902E12A8F7C4F005FC91D /* AppDelegate.swift in Sources */ = {isa = PBXBuildFile; fileRef = 3D5902E02A8F7C4F005FC91D /* AppDelegate.swift */; };
		3D5902E32A8F7C4F005FC91D /* SceneDelegate.swift in Sources */ = {isa = PBXBuildFile; fileRef = 3D5902E22A8F7C4F005FC91D /* SceneDelegate.swift */; };
		3D5902E52A8F7C4F005FC91D /* TodoListViewController.swift in Sources */ = {isa = PBXBuildFile; fileRef = 3D5902E42A8F7C4F005FC91D /* TodoListViewController.swift */; };
		3D5902E82A8F7C4F005FC91D /* Main.storyboard in Resources */ = {isa = PBXBuildFile; fileRef = 3D5902E62A8F7C4F005FC91D /* Main.storyboard */; };
		3D5902ED2A8F7C50005FC91D /* Assets.xcassets in Resources */ = {isa = PBXBuildFile; fileRef = 3D5902EC2A8F7C50005FC91D /* Assets.xcassets */; };
		3D5902F02A8F7C50005FC91D /* LaunchScreen.storyboard in Resources */ = {isa = PBXBuildFile; fileRef = 3D5902EE2A8F7C50005FC91D /* LaunchScreen.storyboard */; };
		3D5903002A953EC1005FC91D /* CategoryViewController.swift in Sources */ = {isa = PBXBuildFile; fileRef = 3D5902FF2A953EC1005FC91D /* CategoryViewController.swift */; };
		3D7A66312A96904C00812E1E /* SwipeTableViewController.swift in Sources */ = {isa = PBXBuildFile; fileRef = 3D7A66302A96904C00812E1E /* SwipeTableViewController.swift */; };
		3EE18134C6C79354E96DEDFA /* Pods_Todo.framework in Frameworks */ = {isa = PBXBuildFile; fileRef = C298C1D1FD5A09DBF672AA13 /* Pods_Todo.framework */; };
/* End PBXBuildFile section */

/* Begin PBXFileReference section */
		3D4B834E2A96575500F51F09 /* TodoItem.swift */ = {isa = PBXFileReference; lastKnownFileType = sourcecode.swift; path = TodoItem.swift; sourceTree = "<group>"; };
		3D4B83502A96576100F51F09 /* Category.swift */ = {isa = PBXFileReference; lastKnownFileType = sourcecode.swift; path = Category.swift; sourceTree = "<group>"; };
		3D5902DD2A8F7C4F005FC91D /* Todo.app */ = {isa = PBXFileReference; explicitFileType = wrapper.application; includeInIndex = 0; path = Todo.app; sourceTree = BUILT_PRODUCTS_DIR; };
		3D5902E02A8F7C4F005FC91D /* AppDelegate.swift */ = {isa = PBXFileReference; lastKnownFileType = sourcecode.swift; path = AppDelegate.swift; sourceTree = "<group>"; };
		3D5902E22A8F7C4F005FC91D /* SceneDelegate.swift */ = {isa = PBXFileReference; lastKnownFileType = sourcecode.swift; path = SceneDelegate.swift; sourceTree = "<group>"; };
		3D5902E42A8F7C4F005FC91D /* TodoListViewController.swift */ = {isa = PBXFileReference; lastKnownFileType = sourcecode.swift; path = TodoListViewController.swift; sourceTree = "<group>"; };
		3D5902E72A8F7C4F005FC91D /* Base */ = {isa = PBXFileReference; lastKnownFileType = file.storyboard; name = Base; path = Base.lproj/Main.storyboard; sourceTree = "<group>"; };
		3D5902EC2A8F7C50005FC91D /* Assets.xcassets */ = {isa = PBXFileReference; lastKnownFileType = folder.assetcatalog; path = Assets.xcassets; sourceTree = "<group>"; };
		3D5902EF2A8F7C50005FC91D /* Base */ = {isa = PBXFileReference; lastKnownFileType = file.storyboard; name = Base; path = Base.lproj/LaunchScreen.storyboard; sourceTree = "<group>"; };
		3D5902F12A8F7C50005FC91D /* Info.plist */ = {isa = PBXFileReference; lastKnownFileType = text.plist.xml; path = Info.plist; sourceTree = "<group>"; };
		3D5902FF2A953EC1005FC91D /* CategoryViewController.swift */ = {isa = PBXFileReference; lastKnownFileType = sourcecode.swift; path = CategoryViewController.swift; sourceTree = "<group>"; };
		3D7A66302A96904C00812E1E /* SwipeTableViewController.swift */ = {isa = PBXFileReference; lastKnownFileType = sourcecode.swift; path = SwipeTableViewController.swift; sourceTree = "<group>"; };
		8B0A566A7BBEA1E677838527 /* Pods-Todo.release.xcconfig */ = {isa = PBXFileReference; includeInIndex = 1; lastKnownFileType = text.xcconfig; name = "Pods-Todo.release.xcconfig"; path = "Target Support Files/Pods-Todo/Pods-Todo.release.xcconfig"; sourceTree = "<group>"; };
		C298C1D1FD5A09DBF672AA13 /* Pods_Todo.framework */ = {isa = PBXFileReference; explicitFileType = wrapper.framework; includeInIndex = 0; path = Pods_Todo.framework; sourceTree = BUILT_PRODUCTS_DIR; };
		D54C53EB8822652DF4A88306 /* Pods-Todo.debug.xcconfig */ = {isa = PBXFileReference; includeInIndex = 1; lastKnownFileType = text.xcconfig; name = "Pods-Todo.debug.xcconfig"; path = "Target Support Files/Pods-Todo/Pods-Todo.debug.xcconfig"; sourceTree = "<group>"; };
/* End PBXFileReference section */

/* Begin PBXFrameworksBuildPhase section */
		3D5902DA2A8F7C4F005FC91D /* Frameworks */ = {
			isa = PBXFrameworksBuildPhase;
			buildActionMask = 2147483647;
			files = (
				3EE18134C6C79354E96DEDFA /* Pods_Todo.framework in Frameworks */,
			);
			runOnlyForDeploymentPostprocessing = 0;
		};
/* End PBXFrameworksBuildPhase section */

/* Begin PBXGroup section */
		3D5902D42A8F7C4F005FC91D = {
			isa = PBXGroup;
			children = (
				3D5902DF2A8F7C4F005FC91D /* Todo */,
				3D5902DE2A8F7C4F005FC91D /* Products */,
				C1BDC02F13477551BC417DAD /* Pods */,
				7AB26842C6FE454309A9B8A4 /* Frameworks */,
			);
			sourceTree = "<group>";
		};
		3D5902DE2A8F7C4F005FC91D /* Products */ = {
			isa = PBXGroup;
			children = (
				3D5902DD2A8F7C4F005FC91D /* Todo.app */,
			);
			name = Products;
			sourceTree = "<group>";
		};
		3D5902DF2A8F7C4F005FC91D /* Todo */ = {
			isa = PBXGroup;
			children = (
				3D5902E02A8F7C4F005FC91D /* AppDelegate.swift */,
				3D5902E22A8F7C4F005FC91D /* SceneDelegate.swift */,
				3D5902FA2A8FDFAE005FC91D /* Models */,
				3D5902F72A8FDF67005FC91D /* ViewControllers */,
				3D5902F82A8FDF91005FC91D /* Views */,
				3D5902F92A8FDF9F005FC91D /* SupportingFiles */,
				3D5902F12A8F7C50005FC91D /* Info.plist */,
			);
			path = Todo;
			sourceTree = "<group>";
		};
		3D5902F72A8FDF67005FC91D /* ViewControllers */ = {
			isa = PBXGroup;
			children = (
				3D7A66302A96904C00812E1E /* SwipeTableViewController.swift */,
				3D5902E42A8F7C4F005FC91D /* TodoListViewController.swift */,
				3D5902FF2A953EC1005FC91D /* CategoryViewController.swift */,
			);
			path = ViewControllers;
			sourceTree = "<group>";
		};
		3D5902F82A8FDF91005FC91D /* Views */ = {
			isa = PBXGroup;
			children = (
				3D5902E62A8F7C4F005FC91D /* Main.storyboard */,
			);
			path = Views;
			sourceTree = "<group>";
		};
		3D5902F92A8FDF9F005FC91D /* SupportingFiles */ = {
			isa = PBXGroup;
			children = (
				3D5902EC2A8F7C50005FC91D /* Assets.xcassets */,
				3D5902EE2A8F7C50005FC91D /* LaunchScreen.storyboard */,
			);
			path = SupportingFiles;
			sourceTree = "<group>";
		};
		3D5902FA2A8FDFAE005FC91D /* Models */ = {
			isa = PBXGroup;
			children = (
				3D4B834E2A96575500F51F09 /* TodoItem.swift */,
				3D4B83502A96576100F51F09 /* Category.swift */,
			);
			path = Models;
			sourceTree = "<group>";
		};
		7AB26842C6FE454309A9B8A4 /* Frameworks */ = {
			isa = PBXGroup;
			children = (
				C298C1D1FD5A09DBF672AA13 /* Pods_Todo.framework */,
			);
			name = Frameworks;
			sourceTree = "<group>";
		};
		C1BDC02F13477551BC417DAD /* Pods */ = {
			isa = PBXGroup;
			children = (
				D54C53EB8822652DF4A88306 /* Pods-Todo.debug.xcconfig */,
				8B0A566A7BBEA1E677838527 /* Pods-Todo.release.xcconfig */,
			);
			path = Pods;
			sourceTree = "<group>";
		};
/* End PBXGroup section */

/* Begin PBXNativeTarget section */
		3D5902DC2A8F7C4F005FC91D /* Todo */ = {
			isa = PBXNativeTarget;
			buildConfigurationList = 3D5902F42A8F7C50005FC91D /* Build configuration list for PBXNativeTarget "Todo" */;
			buildPhases = (
				5085475851C0943A81C1187A /* [CP] Check Pods Manifest.lock */,
				3D5902D92A8F7C4F005FC91D /* Sources */,
				3D5902DA2A8F7C4F005FC91D /* Frameworks */,
				3D5902DB2A8F7C4F005FC91D /* Resources */,
				3A018F8BA45D6800F1A9D293 /* [CP] Embed Pods Frameworks */,
			);
			buildRules = (
			);
			dependencies = (
			);
			name = Todo;
			productName = Todo;
			productReference = 3D5902DD2A8F7C4F005FC91D /* Todo.app */;
			productType = "com.apple.product-type.application";
		};
/* End PBXNativeTarget section */

/* Begin PBXProject section */
		3D5902D52A8F7C4F005FC91D /* Project object */ = {
			isa = PBXProject;
			attributes = {
				BuildIndependentTargetsInParallel = 1;
				LastSwiftUpdateCheck = 1410;
				LastUpgradeCheck = 1410;
				TargetAttributes = {
					3D5902DC2A8F7C4F005FC91D = {
						CreatedOnToolsVersion = 14.1;
					};
				};
			};
			buildConfigurationList = 3D5902D82A8F7C4F005FC91D /* Build configuration list for PBXProject "Todo" */;
			compatibilityVersion = "Xcode 14.0";
			developmentRegion = en;
			hasScannedForEncodings = 0;
			knownRegions = (
				en,
				Base,
			);
			mainGroup = 3D5902D42A8F7C4F005FC91D;
			productRefGroup = 3D5902DE2A8F7C4F005FC91D /* Products */;
			projectDirPath = "";
			projectRoot = "";
			targets = (
				3D5902DC2A8F7C4F005FC91D /* Todo */,
			);
		};
/* End PBXProject section */

/* Begin PBXResourcesBuildPhase section */
		3D5902DB2A8F7C4F005FC91D /* Resources */ = {
			isa = PBXResourcesBuildPhase;
			buildActionMask = 2147483647;
			files = (
				3D5902F02A8F7C50005FC91D /* LaunchScreen.storyboard in Resources */,
				3D5902ED2A8F7C50005FC91D /* Assets.xcassets in Resources */,
				3D5902E82A8F7C4F005FC91D /* Main.storyboard in Resources */,
			);
			runOnlyForDeploymentPostprocessing = 0;
		};
/* End PBXResourcesBuildPhase section */

/* Begin PBXShellScriptBuildPhase section */
		3A018F8BA45D6800F1A9D293 /* [CP] Embed Pods Frameworks */ = {
			isa = PBXShellScriptBuildPhase;
			buildActionMask = 2147483647;
			files = (
			);
			inputFileListPaths = (
				"${PODS_ROOT}/Target Support Files/Pods-Todo/Pods-Todo-frameworks-${CONFIGURATION}-input-files.xcfilelist",
			);
			name = "[CP] Embed Pods Frameworks";
			outputFileListPaths = (
				"${PODS_ROOT}/Target Support Files/Pods-Todo/Pods-Todo-frameworks-${CONFIGURATION}-output-files.xcfilelist",
			);
			runOnlyForDeploymentPostprocessing = 0;
			shellPath = /bin/sh;
			shellScript = "\"${PODS_ROOT}/Target Support Files/Pods-Todo/Pods-Todo-frameworks.sh\"\n";
			showEnvVarsInLog = 0;
		};
		5085475851C0943A81C1187A /* [CP] Check Pods Manifest.lock */ = {
			isa = PBXShellScriptBuildPhase;
			buildActionMask = 2147483647;
			files = (
			);
			inputFileListPaths = (
			);
			inputPaths = (
				"${PODS_PODFILE_DIR_PATH}/Podfile.lock",
				"${PODS_ROOT}/Manifest.lock",
			);
			name = "[CP] Check Pods Manifest.lock";
			outputFileListPaths = (
			);
			outputPaths = (
				"$(DERIVED_FILE_DIR)/Pods-Todo-checkManifestLockResult.txt",
			);
			runOnlyForDeploymentPostprocessing = 0;
			shellPath = /bin/sh;
			shellScript = "diff \"${PODS_PODFILE_DIR_PATH}/Podfile.lock\" \"${PODS_ROOT}/Manifest.lock\" > /dev/null\nif [ $? != 0 ] ; then\n    # print error to STDERR\n    echo \"error: The sandbox is not in sync with the Podfile.lock. Run 'pod install' or update your CocoaPods installation.\" >&2\n    exit 1\nfi\n# This output is used by Xcode 'outputs' to avoid re-running this script phase.\necho \"SUCCESS\" > \"${SCRIPT_OUTPUT_FILE_0}\"\n";
			showEnvVarsInLog = 0;
		};
/* End PBXShellScriptBuildPhase section */

/* Begin PBXSourcesBuildPhase section */
		3D5902D92A8F7C4F005FC91D /* Sources */ = {
			isa = PBXSourcesBuildPhase;
			buildActionMask = 2147483647;
			files = (
				3D5903002A953EC1005FC91D /* CategoryViewController.swift in Sources */,
				3D5902E52A8F7C4F005FC91D /* TodoListViewController.swift in Sources */,
				3D5902E12A8F7C4F005FC91D /* AppDelegate.swift in Sources */,
				3D7A66312A96904C00812E1E /* SwipeTableViewController.swift in Sources */,
				3D5902E32A8F7C4F005FC91D /* SceneDelegate.swift in Sources */,
				3D4B834F2A96575500F51F09 /* TodoItem.swift in Sources */,
				3D4B83512A96576100F51F09 /* Category.swift in Sources */,
			);
			runOnlyForDeploymentPostprocessing = 0;
		};
/* End PBXSourcesBuildPhase section */

/* Begin PBXVariantGroup section */
		3D5902E62A8F7C4F005FC91D /* Main.storyboard */ = {
			isa = PBXVariantGroup;
			children = (
				3D5902E72A8F7C4F005FC91D /* Base */,
			);
			name = Main.storyboard;
			sourceTree = "<group>";
		};
		3D5902EE2A8F7C50005FC91D /* LaunchScreen.storyboard */ = {
			isa = PBXVariantGroup;
			children = (
				3D5902EF2A8F7C50005FC91D /* Base */,
			);
			name = LaunchScreen.storyboard;
			sourceTree = "<group>";
		};
/* End PBXVariantGroup section */

/* Begin XCBuildConfiguration section */
		3D5902F22A8F7C50005FC91D /* Debug */ = {
			isa = XCBuildConfiguration;
			buildSettings = {
				ALWAYS_SEARCH_USER_PATHS = NO;
				CLANG_ANALYZER_NONNULL = YES;
				CLANG_ANALYZER_NUMBER_OBJECT_CONVERSION = YES_AGGRESSIVE;
				CLANG_CXX_LANGUAGE_STANDARD = "gnu++20";
				CLANG_ENABLE_MODULES = YES;
				CLANG_ENABLE_OBJC_ARC = YES;
				CLANG_ENABLE_OBJC_WEAK = YES;
				CLANG_WARN_BLOCK_CAPTURE_AUTORELEASING = YES;
				CLANG_WARN_BOOL_CONVERSION = YES;
				CLANG_WARN_COMMA = YES;
				CLANG_WARN_CONSTANT_CONVERSION = YES;
				CLANG_WARN_DEPRECATED_OBJC_IMPLEMENTATIONS = YES;
				CLANG_WARN_DIRECT_OBJC_ISA_USAGE = YES_ERROR;
				CLANG_WARN_DOCUMENTATION_COMMENTS = YES;
				CLANG_WARN_EMPTY_BODY = YES;
				CLANG_WARN_ENUM_CONVERSION = YES;
				CLANG_WARN_INFINITE_RECURSION = YES;
				CLANG_WARN_INT_CONVERSION = YES;
				CLANG_WARN_NON_LITERAL_NULL_CONVERSION = YES;
				CLANG_WARN_OBJC_IMPLICIT_RETAIN_SELF = YES;
				CLANG_WARN_OBJC_LITERAL_CONVERSION = YES;
				CLANG_WARN_OBJC_ROOT_CLASS = YES_ERROR;
				CLANG_WARN_QUOTED_INCLUDE_IN_FRAMEWORK_HEADER = YES;
				CLANG_WARN_RANGE_LOOP_ANALYSIS = YES;
				CLANG_WARN_STRICT_PROTOTYPES = YES;
				CLANG_WARN_SUSPICIOUS_MOVE = YES;
				CLANG_WARN_UNGUARDED_AVAILABILITY = YES_AGGRESSIVE;
				CLANG_WARN_UNREACHABLE_CODE = YES;
				CLANG_WARN__DUPLICATE_METHOD_MATCH = YES;
				COPY_PHASE_STRIP = NO;
				DEBUG_INFORMATION_FORMAT = dwarf;
				ENABLE_STRICT_OBJC_MSGSEND = YES;
				ENABLE_TESTABILITY = YES;
				GCC_C_LANGUAGE_STANDARD = gnu11;
				GCC_DYNAMIC_NO_PIC = NO;
				GCC_NO_COMMON_BLOCKS = YES;
				GCC_OPTIMIZATION_LEVEL = 0;
				GCC_PREPROCESSOR_DEFINITIONS = (
					"DEBUG=1",
					"$(inherited)",
				);
				GCC_WARN_64_TO_32_BIT_CONVERSION = YES;
				GCC_WARN_ABOUT_RETURN_TYPE = YES_ERROR;
				GCC_WARN_UNDECLARED_SELECTOR = YES;
				GCC_WARN_UNINITIALIZED_AUTOS = YES_AGGRESSIVE;
				GCC_WARN_UNUSED_FUNCTION = YES;
				GCC_WARN_UNUSED_VARIABLE = YES;
				IPHONEOS_DEPLOYMENT_TARGET = 16.1;
				MTL_ENABLE_DEBUG_INFO = INCLUDE_SOURCE;
				MTL_FAST_MATH = YES;
				ONLY_ACTIVE_ARCH = YES;
				SDKROOT = iphoneos;
				SWIFT_ACTIVE_COMPILATION_CONDITIONS = DEBUG;
				SWIFT_OPTIMIZATION_LEVEL = "-Onone";
			};
			name = Debug;
		};
		3D5902F32A8F7C50005FC91D /* Release */ = {
			isa = XCBuildConfiguration;
			buildSettings = {
				ALWAYS_SEARCH_USER_PATHS = NO;
				CLANG_ANALYZER_NONNULL = YES;
				CLANG_ANALYZER_NUMBER_OBJECT_CONVERSION = YES_AGGRESSIVE;
				CLANG_CXX_LANGUAGE_STANDARD = "gnu++20";
				CLANG_ENABLE_MODULES = YES;
				CLANG_ENABLE_OBJC_ARC = YES;
				CLANG_ENABLE_OBJC_WEAK = YES;
				CLANG_WARN_BLOCK_CAPTURE_AUTORELEASING = YES;
				CLANG_WARN_BOOL_CONVERSION = YES;
				CLANG_WARN_COMMA = YES;
				CLANG_WARN_CONSTANT_CONVERSION = YES;
				CLANG_WARN_DEPRECATED_OBJC_IMPLEMENTATIONS = YES;
				CLANG_WARN_DIRECT_OBJC_ISA_USAGE = YES_ERROR;
				CLANG_WARN_DOCUMENTATION_COMMENTS = YES;
				CLANG_WARN_EMPTY_BODY = YES;
				CLANG_WARN_ENUM_CONVERSION = YES;
				CLANG_WARN_INFINITE_RECURSION = YES;
				CLANG_WARN_INT_CONVERSION = YES;
				CLANG_WARN_NON_LITERAL_NULL_CONVERSION = YES;
				CLANG_WARN_OBJC_IMPLICIT_RETAIN_SELF = YES;
				CLANG_WARN_OBJC_LITERAL_CONVERSION = YES;
				CLANG_WARN_OBJC_ROOT_CLASS = YES_ERROR;
				CLANG_WARN_QUOTED_INCLUDE_IN_FRAMEWORK_HEADER = YES;
				CLANG_WARN_RANGE_LOOP_ANALYSIS = YES;
				CLANG_WARN_STRICT_PROTOTYPES = YES;
				CLANG_WARN_SUSPICIOUS_MOVE = YES;
				CLANG_WARN_UNGUARDED_AVAILABILITY = YES_AGGRESSIVE;
				CLANG_WARN_UNREACHABLE_CODE = YES;
				CLANG_WARN__DUPLICATE_METHOD_MATCH = YES;
				COPY_PHASE_STRIP = NO;
				DEBUG_INFORMATION_FORMAT = "dwarf-with-dsym";
				ENABLE_NS_ASSERTIONS = NO;
				ENABLE_STRICT_OBJC_MSGSEND = YES;
				GCC_C_LANGUAGE_STANDARD = gnu11;
				GCC_NO_COMMON_BLOCKS = YES;
				GCC_WARN_64_TO_32_BIT_CONVERSION = YES;
				GCC_WARN_ABOUT_RETURN_TYPE = YES_ERROR;
				GCC_WARN_UNDECLARED_SELECTOR = YES;
				GCC_WARN_UNINITIALIZED_AUTOS = YES_AGGRESSIVE;
				GCC_WARN_UNUSED_FUNCTION = YES;
				GCC_WARN_UNUSED_VARIABLE = YES;
				IPHONEOS_DEPLOYMENT_TARGET = 16.1;
				MTL_ENABLE_DEBUG_INFO = NO;
				MTL_FAST_MATH = YES;
				SDKROOT = iphoneos;
				SWIFT_COMPILATION_MODE = wholemodule;
				SWIFT_OPTIMIZATION_LEVEL = "-O";
				VALIDATE_PRODUCT = YES;
			};
			name = Release;
		};
		3D5902F52A8F7C50005FC91D /* Debug */ = {
			isa = XCBuildConfiguration;
			baseConfigurationReference = D54C53EB8822652DF4A88306 /* Pods-Todo.debug.xcconfig */;
			buildSettings = {
				ASSETCATALOG_COMPILER_APPICON_NAME = AppIcon;
				ASSETCATALOG_COMPILER_GLOBAL_ACCENT_COLOR_NAME = AccentColor;
				CODE_SIGN_STYLE = Automatic;
				CURRENT_PROJECT_VERSION = 1;
				GENERATE_INFOPLIST_FILE = YES;
				INFOPLIST_FILE = Todo/Info.plist;
				INFOPLIST_KEY_UIApplicationSupportsIndirectInputEvents = YES;
				INFOPLIST_KEY_UILaunchStoryboardName = LaunchScreen;
				INFOPLIST_KEY_UIMainStoryboardFile = Main;
				INFOPLIST_KEY_UISupportedInterfaceOrientations_iPad = "UIInterfaceOrientationPortrait UIInterfaceOrientationPortraitUpsideDown UIInterfaceOrientationLandscapeLeft UIInterfaceOrientationLandscapeRight";
				INFOPLIST_KEY_UISupportedInterfaceOrientations_iPhone = "UIInterfaceOrientationPortrait UIInterfaceOrientationLandscapeLeft UIInterfaceOrientationLandscapeRight";
				LD_RUNPATH_SEARCH_PATHS = (
					"$(inherited)",
					"@executable_path/Frameworks",
				);
				MARKETING_VERSION = 1.0;
				PRODUCT_BUNDLE_IDENTIFIER = com.anshul.learning.Todo;
				PRODUCT_NAME = "$(TARGET_NAME)";
				SWIFT_EMIT_LOC_STRINGS = YES;
				SWIFT_VERSION = 5.0;
				TARGETED_DEVICE_FAMILY = "1,2";
			};
			name = Debug;
		};
		3D5902F62A8F7C50005FC91D /* Release */ = {
			isa = XCBuildConfiguration;
			baseConfigurationReference = 8B0A566A7BBEA1E677838527 /* Pods-Todo.release.xcconfig */;
			buildSettings = {
				ASSETCATALOG_COMPILER_APPICON_NAME = AppIcon;
				ASSETCATALOG_COMPILER_GLOBAL_ACCENT_COLOR_NAME = AccentColor;
				CODE_SIGN_STYLE = Automatic;
				CURRENT_PROJECT_VERSION = 1;
				GENERATE_INFOPLIST_FILE = YES;
				INFOPLIST_FILE = Todo/Info.plist;
				INFOPLIST_KEY_UIApplicationSupportsIndirectInputEvents = YES;
				INFOPLIST_KEY_UILaunchStoryboardName = LaunchScreen;
				INFOPLIST_KEY_UIMainStoryboardFile = Main;
				INFOPLIST_KEY_UISupportedInterfaceOrientations_iPad = "UIInterfaceOrientationPortrait UIInterfaceOrientationPortraitUpsideDown UIInterfaceOrientationLandscapeLeft UIInterfaceOrientationLandscapeRight";
				INFOPLIST_KEY_UISupportedInterfaceOrientations_iPhone = "UIInterfaceOrientationPortrait UIInterfaceOrientationLandscapeLeft UIInterfaceOrientationLandscapeRight";
				LD_RUNPATH_SEARCH_PATHS = (
					"$(inherited)",
					"@executable_path/Frameworks",
				);
				MARKETING_VERSION = 1.0;
				PRODUCT_BUNDLE_IDENTIFIER = com.anshul.learning.Todo;
				PRODUCT_NAME = "$(TARGET_NAME)";
				SWIFT_EMIT_LOC_STRINGS = YES;
				SWIFT_VERSION = 5.0;
				TARGETED_DEVICE_FAMILY = "1,2";
			};
			name = Release;
		};
/* End XCBuildConfiguration section */

/* Begin XCConfigurationList section */
		3D5902D82A8F7C4F005FC91D /* Build configuration list for PBXProject "Todo" */ = {
			isa = XCConfigurationList;
			buildConfigurations = (
				3D5902F22A8F7C50005FC91D /* Debug */,
				3D5902F32A8F7C50005FC91D /* Release */,
			);
			defaultConfigurationIsVisible = 0;
			defaultConfigurationName = Release;
		};
		3D5902F42A8F7C50005FC91D /* Build configuration list for PBXNativeTarget "Todo" */ = {
			isa = XCConfigurationList;
			buildConfigurations = (
				3D5902F52A8F7C50005FC91D /* Debug */,
				3D5902F62A8F7C50005FC91D /* Release */,
			);
			defaultConfigurationIsVisible = 0;
			defaultConfigurationName = Release;
		};
/* End XCConfigurationList section */
	};
	rootObject = 3D5902D52A8F7C4F005FC91D /* Project object */;
}
